
Microsoft Visual Studio Solution File, Format Version 12.00
# Visual Studio 15
VisualStudioVersion = 15.0.28307.572
MinimumVisualStudioVersion = 10.0.40219.1
Project("{FAE04EC0-301F-11D3-BF4B-00C04F79EFBC}") = "Tarea", "Tarea\Tarea.csproj", "{997A20BA-C699-4A14-BD95-AC1E6BC9834F}"
EndProject
Project("{FAE04EC0-301F-11D3-BF4B-00C04F79EFBC}") = "DataAccess", "DataAccess\DataAccess.csproj", "{A146B600-8C9A-4CBE-B1D4-FEB804F03F4C}"
EndProject
Project("{FAE04EC0-301F-11D3-BF4B-00C04F79EFBC}") = "Entities", "Entities\Entities.csproj", "{92D63CC5-2703-4508-A29A-F4BABB001FB4}"
EndProject
Global
	GlobalSection(SolutionConfigurationPlatforms) = preSolution
		Debug|Any CPU = Debug|Any CPU
		Release|Any CPU = Release|Any CPU
	EndGlobalSection
	GlobalSection(ProjectConfigurationPlatforms) = postSolution
		{997A20BA-C699-4A14-BD95-AC1E6BC9834F}.Debug|Any CPU.ActiveCfg = Debug|Any CPU
		{997A20BA-C699-4A14-BD95-AC1E6BC9834F}.Debug|Any CPU.Build.0 = Debug|Any CPU
		{997A20BA-C699-4A14-BD95-AC1E6BC9834F}.Release|Any CPU.ActiveCfg = Release|Any CPU
		{997A20BA-C699-4A14-BD95-AC1E6BC9834F}.Release|Any CPU.Build.0 = Release|Any CPU
		{A146B600-8C9A-4CBE-B1D4-FEB804F03F4C}.Debug|Any CPU.ActiveCfg = Debug|Any CPU
		{A146B600-8C9A-4CBE-B1D4-FEB804F03F4C}.Debug|Any CPU.Build.0 = Debug|Any CPU
		{A146B600-8C9A-4CBE-B1D4-FEB804F03F4C}.Release|Any CPU.ActiveCfg = Release|Any CPU
		{A146B600-8C9A-4CBE-B1D4-FEB804F03F4C}.Release|Any CPU.Build.0 = Release|Any CPU
		{92D63CC5-2703-4508-A29A-F4BABB001FB4}.Debug|Any CPU.ActiveCfg = Debug|Any CPU
		{92D63CC5-2703-4508-A29A-F4BABB001FB4}.Debug|Any CPU.Build.0 = Debug|Any CPU
		{92D63CC5-2703-4508-A29A-F4BABB001FB4}.Release|Any CPU.ActiveCfg = Release|Any CPU
		{92D63CC5-2703-4508-A29A-F4BABB001FB4}.Release|Any CPU.Build.0 = Release|Any CPU
	EndGlobalSection
	GlobalSection(SolutionProperties) = preSolution
		HideSolutionNode = FALSE
	EndGlobalSection
	GlobalSection(ExtensibilityGlobals) = postSolution
		SolutionGuid = {48D494B2-72EE-48DA-A77A-5518925DF891}
	EndGlobalSection
EndGlobal
